
Microsoft Visual Studio Solution File, Format Version 12.00
# Visual Studio 15
VisualStudioVersion = 15.0.26124.0
MinimumVisualStudioVersion = 15.0.26124.0
Project("{9A19103F-16F7-4668-BE54-9A1E7A4F7556}") = "R5T.Gepidia.Local.Standard.Construction", "R5T.Gepidia.Local.Standard.Construction\R5T.Gepidia.Local.Standard.Construction.csproj", "{92971248-A90C-4C53-8F70-544B29B8EF6E}"
EndProject
Project("{9A19103F-16F7-4668-BE54-9A1E7A4F7556}") = "R5T.Gepidia.Local.Standard", "R5T.Gepidia.Local.Standard\R5T.Gepidia.Local.Standard.csproj", "{7F147120-506E-4CEC-B682-4F3BACA16A92}"
EndProject
Project("{9A19103F-16F7-4668-BE54-9A1E7A4F7556}") = "R5T.Gepidia.Local.Standard.Testing", "R5T.Gepidia.Local.Standard.Testing\R5T.Gepidia.Local.Standard.Testing.csproj", "{4ECC3A98-99D3-45DE-8BA7-98A3CE450B5F}"
EndProject
Project("{2150E333-8FDC-42A3-9474-1A3956D46DE8}") = "_Dependencies", "_Dependencies", "{5187E56E-1B3E-4C2F-BFE4-58C31778B804}"
EndProject
Project("{9A19103F-16F7-4668-BE54-9A1E7A4F7556}") = "R5T.Gepidia.Local", "..\..\R5T.Gepidia.Local\source\R5T.Gepidia.Local\R5T.Gepidia.Local.csproj", "{DCF06020-F48B-44A6-80A6-97BC4FE10B2D}"
EndProject
Project("{9A19103F-16F7-4668-BE54-9A1E7A4F7556}") = "R5T.Dacia.Extensions", "..\..\R5T.Dacia.Extensions\source\R5T.Dacia.Extensions\R5T.Dacia.Extensions.csproj", "{A366525B-4572-4E7C-BEBD-5F70BCBE149C}"
EndProject
Project("{9A19103F-16F7-4668-BE54-9A1E7A4F7556}") = "R5T.Dacia", "..\..\R5T.Dacia\source\R5T.Dacia\R5T.Dacia.csproj", "{EC1B8E3A-C114-4F9E-8875-0442498C62B1}"
EndProject
Project("{9A19103F-16F7-4668-BE54-9A1E7A4F7556}") = "R5T.Gepidia.Base", "..\..\R5T.Gepidia.Base\source\R5T.Gepidia.Base\R5T.Gepidia.Base.csproj", "{F3966175-B1AA-4F43-81A2-F2C06272DC83}"
EndProject
Project("{9A19103F-16F7-4668-BE54-9A1E7A4F7556}") = "R5T.Lombardy.Base", "..\..\R5T.Lombardy.Base\source\R5T.Lombardy.Base\R5T.Lombardy.Base.csproj", "{CEEE707A-4D91-4D52-8154-FDC5B18E7AC7}"
EndProject
Project("{9A19103F-16F7-4668-BE54-9A1E7A4F7556}") = "R5T.Lombardy.Gepidia", "..\..\R5T.Lombardy.Gepidia\source\R5T.Lombardy.Gepidia\R5T.Lombardy.Gepidia.csproj", "{AC88C855-B9B1-4C81-87CE-07AC6E88C917}"
EndProject
Project("{9A19103F-16F7-4668-BE54-9A1E7A4F7556}") = "R5T.Magyar", "..\..\R5T.Magyar\source\R5T.Magyar\R5T.Magyar.csproj", "{ADFB7BE8-95C2-4B73-8A6F-93D2B3BEF865}"
EndProject
Project("{9A19103F-16F7-4668-BE54-9A1E7A4F7556}") = "R5T.Lombardy.Standard", "..\..\R5T.Lombardy.Standard\source\R5T.Lombardy.Standard\R5T.Lombardy.Standard.csproj", "{8CAC8122-9D8D-4E24-AD0B-204AB4C82486}"
EndProject
Project("{9A19103F-16F7-4668-BE54-9A1E7A4F7556}") = "R5T.Lombardy", "..\..\R5T.Lombardy\source\R5T.Lombardy\R5T.Lombardy.csproj", "{29789AC0-8532-4351-A5D0-985A6215A2FA}"
EndProject
Project("{9A19103F-16F7-4668-BE54-9A1E7A4F7556}") = "R5T.Cherusci", "..\..\R5T.Cherusci\source\R5T.Cherusci\R5T.Cherusci.csproj", "{0E7D8CB5-7A37-4BD2-B48C-86DEEAE7CBBC}"
EndProject
Project("{9A19103F-16F7-4668-BE54-9A1E7A4F7556}") = "R5T.Rugia", "..\..\R5T.Rugia\source\R5T.Rugia\R5T.Rugia.csproj", "{004FD3D1-82AB-4DFB-85D9-1C058945AA82}"
EndProject
Project("{9A19103F-16F7-4668-BE54-9A1E7A4F7556}") = "R5T.Rugia.Base", "..\..\R5T.Rugia.Base\source\R5T.Rugia.Base\R5T.Rugia.Base.csproj", "{3EE2BC58-89A6-4E18-A5E8-D537FC410579}"
EndProject
Global
	GlobalSection(SolutionConfigurationPlatforms) = preSolution
		Debug|Any CPU = Debug|Any CPU
		Debug|x64 = Debug|x64
		Debug|x86 = Debug|x86
		Release|Any CPU = Release|Any CPU
		Release|x64 = Release|x64
		Release|x86 = Release|x86
	EndGlobalSection
	GlobalSection(ProjectConfigurationPlatforms) = postSolution
		{92971248-A90C-4C53-8F70-544B29B8EF6E}.Debug|Any CPU.ActiveCfg = Debug|Any CPU
		{92971248-A90C-4C53-8F70-544B29B8EF6E}.Debug|Any CPU.Build.0 = Debug|Any CPU
		{92971248-A90C-4C53-8F70-544B29B8EF6E}.Debug|x64.ActiveCfg = Debug|Any CPU
		{92971248-A90C-4C53-8F70-544B29B8EF6E}.Debug|x64.Build.0 = Debug|Any CPU
		{92971248-A90C-4C53-8F70-544B29B8EF6E}.Debug|x86.ActiveCfg = Debug|Any CPU
		{92971248-A90C-4C53-8F70-544B29B8EF6E}.Debug|x86.Build.0 = Debug|Any CPU
		{92971248-A90C-4C53-8F70-544B29B8EF6E}.Release|Any CPU.ActiveCfg = Release|Any CPU
		{92971248-A90C-4C53-8F70-544B29B8EF6E}.Release|Any CPU.Build.0 = Release|Any CPU
		{92971248-A90C-4C53-8F70-544B29B8EF6E}.Release|x64.ActiveCfg = Release|Any CPU
		{92971248-A90C-4C53-8F70-544B29B8EF6E}.Release|x64.Build.0 = Release|Any CPU
		{92971248-A90C-4C53-8F70-544B29B8EF6E}.Release|x86.ActiveCfg = Release|Any CPU
		{92971248-A90C-4C53-8F70-544B29B8EF6E}.Release|x86.Build.0 = Release|Any CPU
		{7F147120-506E-4CEC-B682-4F3BACA16A92}.Debug|Any CPU.ActiveCfg = Debug|Any CPU
		{7F147120-506E-4CEC-B682-4F3BACA16A92}.Debug|Any CPU.Build.0 = Debug|Any CPU
		{7F147120-506E-4CEC-B682-4F3BACA16A92}.Debug|x64.ActiveCfg = Debug|Any CPU
		{7F147120-506E-4CEC-B682-4F3BACA16A92}.Debug|x64.Build.0 = Debug|Any CPU
		{7F147120-506E-4CEC-B682-4F3BACA16A92}.Debug|x86.ActiveCfg = Debug|Any CPU
		{7F147120-506E-4CEC-B682-4F3BACA16A92}.Debug|x86.Build.0 = Debug|Any CPU
		{7F147120-506E-4CEC-B682-4F3BACA16A92}.Release|Any CPU.ActiveCfg = Release|Any CPU
		{7F147120-506E-4CEC-B682-4F3BACA16A92}.Release|Any CPU.Build.0 = Release|Any CPU
		{7F147120-506E-4CEC-B682-4F3BACA16A92}.Release|x64.ActiveCfg = Release|Any CPU
		{7F147120-506E-4CEC-B682-4F3BACA16A92}.Release|x64.Build.0 = Release|Any CPU
		{7F147120-506E-4CEC-B682-4F3BACA16A92}.Release|x86.ActiveCfg = Release|Any CPU
		{7F147120-506E-4CEC-B682-4F3BACA16A92}.Release|x86.Build.0 = Release|Any CPU
		{4ECC3A98-99D3-45DE-8BA7-98A3CE450B5F}.Debug|Any CPU.ActiveCfg = Debug|Any CPU
		{4ECC3A98-99D3-45DE-8BA7-98A3CE450B5F}.Debug|Any CPU.Build.0 = Debug|Any CPU
		{4ECC3A98-99D3-45DE-8BA7-98A3CE450B5F}.Debug|x64.ActiveCfg = Debug|Any CPU
		{4ECC3A98-99D3-45DE-8BA7-98A3CE450B5F}.Debug|x64.Build.0 = Debug|Any CPU
		{4ECC3A98-99D3-45DE-8BA7-98A3CE450B5F}.Debug|x86.ActiveCfg = Debug|Any CPU
		{4ECC3A98-99D3-45DE-8BA7-98A3CE450B5F}.Debug|x86.Build.0 = Debug|Any CPU
		{4ECC3A98-99D3-45DE-8BA7-98A3CE450B5F}.Release|Any CPU.ActiveCfg = Release|Any CPU
		{4ECC3A98-99D3-45DE-8BA7-98A3CE450B5F}.Release|Any CPU.Build.0 = Release|Any CPU
		{4ECC3A98-99D3-45DE-8BA7-98A3CE450B5F}.Release|x64.ActiveCfg = Release|Any CPU
		{4ECC3A98-99D3-45DE-8BA7-98A3CE450B5F}.Release|x64.Build.0 = Release|Any CPU
		{4ECC3A98-99D3-45DE-8BA7-98A3CE450B5F}.Release|x86.ActiveCfg = Release|Any CPU
		{4ECC3A98-99D3-45DE-8BA7-98A3CE450B5F}.Release|x86.Build.0 = Release|Any CPU
		{DCF06020-F48B-44A6-80A6-97BC4FE10B2D}.Debug|Any CPU.ActiveCfg = Debug|Any CPU
		{DCF06020-F48B-44A6-80A6-97BC4FE10B2D}.Debug|Any CPU.Build.0 = Debug|Any CPU
		{DCF06020-F48B-44A6-80A6-97BC4FE10B2D}.Debug|x64.ActiveCfg = Debug|Any CPU
		{DCF06020-F48B-44A6-80A6-97BC4FE10B2D}.Debug|x64.Build.0 = Debug|Any CPU
		{DCF06020-F48B-44A6-80A6-97BC4FE10B2D}.Debug|x86.ActiveCfg = Debug|Any CPU
		{DCF06020-F48B-44A6-80A6-97BC4FE10B2D}.Debug|x86.Build.0 = Debug|Any CPU
		{DCF06020-F48B-44A6-80A6-97BC4FE10B2D}.Release|Any CPU.ActiveCfg = Release|Any CPU
		{DCF06020-F48B-44A6-80A6-97BC4FE10B2D}.Release|Any CPU.Build.0 = Release|Any CPU
		{DCF06020-F48B-44A6-80A6-97BC4FE10B2D}.Release|x64.ActiveCfg = Release|Any CPU
		{DCF06020-F48B-44A6-80A6-97BC4FE10B2D}.Release|x64.Build.0 = Release|Any CPU
		{DCF06020-F48B-44A6-80A6-97BC4FE10B2D}.Release|x86.ActiveCfg = Release|Any CPU
		{DCF06020-F48B-44A6-80A6-97BC4FE10B2D}.Release|x86.Build.0 = Release|Any CPU
		{A366525B-4572-4E7C-BEBD-5F70BCBE149C}.Debug|Any CPU.ActiveCfg = Debug|Any CPU
		{A366525B-4572-4E7C-BEBD-5F70BCBE149C}.Debug|Any CPU.Build.0 = Debug|Any CPU
		{A366525B-4572-4E7C-BEBD-5F70BCBE149C}.Debug|x64.ActiveCfg = Debug|Any CPU
		{A366525B-4572-4E7C-BEBD-5F70BCBE149C}.Debug|x64.Build.0 = Debug|Any CPU
		{A366525B-4572-4E7C-BEBD-5F70BCBE149C}.Debug|x86.ActiveCfg = Debug|Any CPU
		{A366525B-4572-4E7C-BEBD-5F70BCBE149C}.Debug|x86.Build.0 = Debug|Any CPU
		{A366525B-4572-4E7C-BEBD-5F70BCBE149C}.Release|Any CPU.ActiveCfg = Release|Any CPU
		{A366525B-4572-4E7C-BEBD-5F70BCBE149C}.Release|Any CPU.Build.0 = Release|Any CPU
		{A366525B-4572-4E7C-BEBD-5F70BCBE149C}.Release|x64.ActiveCfg = Release|Any CPU
		{A366525B-4572-4E7C-BEBD-5F70BCBE149C}.Release|x64.Build.0 = Release|Any CPU
		{A366525B-4572-4E7C-BEBD-5F70BCBE149C}.Release|x86.ActiveCfg = Release|Any CPU
		{A366525B-4572-4E7C-BEBD-5F70BCBE149C}.Release|x86.Build.0 = Release|Any CPU
		{EC1B8E3A-C114-4F9E-8875-0442498C62B1}.Debug|Any CPU.ActiveCfg = Debug|Any CPU
		{EC1B8E3A-C114-4F9E-8875-0442498C62B1}.Debug|Any CPU.Build.0 = Debug|Any CPU
		{EC1B8E3A-C114-4F9E-8875-0442498C62B1}.Debug|x64.ActiveCfg = Debug|Any CPU
		{EC1B8E3A-C114-4F9E-8875-0442498C62B1}.Debug|x64.Build.0 = Debug|Any CPU
		{EC1B8E3A-C114-4F9E-8875-0442498C62B1}.Debug|x86.ActiveCfg = Debug|Any CPU
		{EC1B8E3A-C114-4F9E-8875-0442498C62B1}.Debug|x86.Build.0 = Debug|Any CPU
		{EC1B8E3A-C114-4F9E-8875-0442498C62B1}.Release|Any CPU.ActiveCfg = Release|Any CPU
		{EC1B8E3A-C114-4F9E-8875-0442498C62B1}.Release|Any CPU.Build.0 = Release|Any CPU
		{EC1B8E3A-C114-4F9E-8875-0442498C62B1}.Release|x64.ActiveCfg = Release|Any CPU
		{EC1B8E3A-C114-4F9E-8875-0442498C62B1}.Release|x64.Build.0 = Release|Any CPU
		{EC1B8E3A-C114-4F9E-8875-0442498C62B1}.Release|x86.ActiveCfg = Release|Any CPU
		{EC1B8E3A-C114-4F9E-8875-0442498C62B1}.Release|x86.Build.0 = Release|Any CPU
		{F3966175-B1AA-4F43-81A2-F2C06272DC83}.Debug|Any CPU.ActiveCfg = Debug|Any CPU
		{F3966175-B1AA-4F43-81A2-F2C06272DC83}.Debug|Any CPU.Build.0 = Debug|Any CPU
		{F3966175-B1AA-4F43-81A2-F2C06272DC83}.Debug|x64.ActiveCfg = Debug|Any CPU
		{F3966175-B1AA-4F43-81A2-F2C06272DC83}.Debug|x64.Build.0 = Debug|Any CPU
		{F3966175-B1AA-4F43-81A2-F2C06272DC83}.Debug|x86.ActiveCfg = Debug|Any CPU
		{F3966175-B1AA-4F43-81A2-F2C06272DC83}.Debug|x86.Build.0 = Debug|Any CPU
		{F3966175-B1AA-4F43-81A2-F2C06272DC83}.Release|Any CPU.ActiveCfg = Release|Any CPU
		{F3966175-B1AA-4F43-81A2-F2C06272DC83}.Release|Any CPU.Build.0 = Release|Any CPU
		{F3966175-B1AA-4F43-81A2-F2C06272DC83}.Release|x64.ActiveCfg = Release|Any CPU
		{F3966175-B1AA-4F43-81A2-F2C06272DC83}.Release|x64.Build.0 = Release|Any CPU
		{F3966175-B1AA-4F43-81A2-F2C06272DC83}.Release|x86.ActiveCfg = Release|Any CPU
		{F3966175-B1AA-4F43-81A2-F2C06272DC83}.Release|x86.Build.0 = Release|Any CPU
		{CEEE707A-4D91-4D52-8154-FDC5B18E7AC7}.Debug|Any CPU.ActiveCfg = Debug|Any CPU
		{CEEE707A-4D91-4D52-8154-FDC5B18E7AC7}.Debug|Any CPU.Build.0 = Debug|Any CPU
		{CEEE707A-4D91-4D52-8154-FDC5B18E7AC7}.Debug|x64.ActiveCfg = Debug|Any CPU
		{CEEE707A-4D91-4D52-8154-FDC5B18E7AC7}.Debug|x64.Build.0 = Debug|Any CPU
		{CEEE707A-4D91-4D52-8154-FDC5B18E7AC7}.Debug|x86.ActiveCfg = Debug|Any CPU
		{CEEE707A-4D91-4D52-8154-FDC5B18E7AC7}.Debug|x86.Build.0 = Debug|Any CPU
		{CEEE707A-4D91-4D52-8154-FDC5B18E7AC7}.Release|Any CPU.ActiveCfg = Release|Any CPU
		{CEEE707A-4D91-4D52-8154-FDC5B18E7AC7}.Release|Any CPU.Build.0 = Release|Any CPU
		{CEEE707A-4D91-4D52-8154-FDC5B18E7AC7}.Release|x64.ActiveCfg = Release|Any CPU
		{CEEE707A-4D91-4D52-8154-FDC5B18E7AC7}.Release|x64.Build.0 = Release|Any CPU
		{CEEE707A-4D91-4D52-8154-FDC5B18E7AC7}.Release|x86.ActiveCfg = Release|Any CPU
		{CEEE707A-4D91-4D52-8154-FDC5B18E7AC7}.Release|x86.Build.0 = Release|Any CPU
		{AC88C855-B9B1-4C81-87CE-07AC6E88C917}.Debug|Any CPU.ActiveCfg = Debug|Any CPU
		{AC88C855-B9B1-4C81-87CE-07AC6E88C917}.Debug|Any CPU.Build.0 = Debug|Any CPU
		{AC88C855-B9B1-4C81-87CE-07AC6E88C917}.Debug|x64.ActiveCfg = Debug|Any CPU
		{AC88C855-B9B1-4C81-87CE-07AC6E88C917}.Debug|x64.Build.0 = Debug|Any CPU
		{AC88C855-B9B1-4C81-87CE-07AC6E88C917}.Debug|x86.ActiveCfg = Debug|Any CPU
		{AC88C855-B9B1-4C81-87CE-07AC6E88C917}.Debug|x86.Build.0 = Debug|Any CPU
		{AC88C855-B9B1-4C81-87CE-07AC6E88C917}.Release|Any CPU.ActiveCfg = Release|Any CPU
		{AC88C855-B9B1-4C81-87CE-07AC6E88C917}.Release|Any CPU.Build.0 = Release|Any CPU
		{AC88C855-B9B1-4C81-87CE-07AC6E88C917}.Release|x64.ActiveCfg = Release|Any CPU
		{AC88C855-B9B1-4C81-87CE-07AC6E88C917}.Release|x64.Build.0 = Release|Any CPU
		{AC88C855-B9B1-4C81-87CE-07AC6E88C917}.Release|x86.ActiveCfg = Release|Any CPU
		{AC88C855-B9B1-4C81-87CE-07AC6E88C917}.Release|x86.Build.0 = Release|Any CPU
		{ADFB7BE8-95C2-4B73-8A6F-93D2B3BEF865}.Debug|Any CPU.ActiveCfg = Debug|Any CPU
		{ADFB7BE8-95C2-4B73-8A6F-93D2B3BEF865}.Debug|Any CPU.Build.0 = Debug|Any CPU
		{ADFB7BE8-95C2-4B73-8A6F-93D2B3BEF865}.Debug|x64.ActiveCfg = Debug|Any CPU
		{ADFB7BE8-95C2-4B73-8A6F-93D2B3BEF865}.Debug|x64.Build.0 = Debug|Any CPU
		{ADFB7BE8-95C2-4B73-8A6F-93D2B3BEF865}.Debug|x86.ActiveCfg = Debug|Any CPU
		{ADFB7BE8-95C2-4B73-8A6F-93D2B3BEF865}.Debug|x86.Build.0 = Debug|Any CPU
		{ADFB7BE8-95C2-4B73-8A6F-93D2B3BEF865}.Release|Any CPU.ActiveCfg = Release|Any CPU
		{ADFB7BE8-95C2-4B73-8A6F-93D2B3BEF865}.Release|Any CPU.Build.0 = Release|Any CPU
		{ADFB7BE8-95C2-4B73-8A6F-93D2B3BEF865}.Release|x64.ActiveCfg = Release|Any CPU
		{ADFB7BE8-95C2-4B73-8A6F-93D2B3BEF865}.Release|x64.Build.0 = Release|Any CPU
		{ADFB7BE8-95C2-4B73-8A6F-93D2B3BEF865}.Release|x86.ActiveCfg = Release|Any CPU
		{ADFB7BE8-95C2-4B73-8A6F-93D2B3BEF865}.Release|x86.Build.0 = Release|Any CPU
		{8CAC8122-9D8D-4E24-AD0B-204AB4C82486}.Debug|Any CPU.ActiveCfg = Debug|Any CPU
		{8CAC8122-9D8D-4E24-AD0B-204AB4C82486}.Debug|Any CPU.Build.0 = Debug|Any CPU
		{8CAC8122-9D8D-4E24-AD0B-204AB4C82486}.Debug|x64.ActiveCfg = Debug|Any CPU
		{8CAC8122-9D8D-4E24-AD0B-204AB4C82486}.Debug|x64.Build.0 = Debug|Any CPU
		{8CAC8122-9D8D-4E24-AD0B-204AB4C82486}.Debug|x86.ActiveCfg = Debug|Any CPU
		{8CAC8122-9D8D-4E24-AD0B-204AB4C82486}.Debug|x86.Build.0 = Debug|Any CPU
		{8CAC8122-9D8D-4E24-AD0B-204AB4C82486}.Release|Any CPU.ActiveCfg = Release|Any CPU
		{8CAC8122-9D8D-4E24-AD0B-204AB4C82486}.Release|Any CPU.Build.0 = Release|Any CPU
		{8CAC8122-9D8D-4E24-AD0B-204AB4C82486}.Release|x64.ActiveCfg = Release|Any CPU
		{8CAC8122-9D8D-4E24-AD0B-204AB4C82486}.Release|x64.Build.0 = Release|Any CPU
		{8CAC8122-9D8D-4E24-AD0B-204AB4C82486}.Release|x86.ActiveCfg = Release|Any CPU
		{8CAC8122-9D8D-4E24-AD0B-204AB4C82486}.Release|x86.Build.0 = Release|Any CPU
		{29789AC0-8532-4351-A5D0-985A6215A2FA}.Debug|Any CPU.ActiveCfg = Debug|Any CPU
		{29789AC0-8532-4351-A5D0-985A6215A2FA}.Debug|Any CPU.Build.0 = Debug|Any CPU
		{29789AC0-8532-4351-A5D0-985A6215A2FA}.Debug|x64.ActiveCfg = Debug|Any CPU
		{29789AC0-8532-4351-A5D0-985A6215A2FA}.Debug|x64.Build.0 = Debug|Any CPU
		{29789AC0-8532-4351-A5D0-985A6215A2FA}.Debug|x86.ActiveCfg = Debug|Any CPU
		{29789AC0-8532-4351-A5D0-985A6215A2FA}.Debug|x86.Build.0 = Debug|Any CPU
		{29789AC0-8532-4351-A5D0-985A6215A2FA}.Release|Any CPU.ActiveCfg = Release|Any CPU
		{29789AC0-8532-4351-A5D0-985A6215A2FA}.Release|Any CPU.Build.0 = Release|Any CPU
		{29789AC0-8532-4351-A5D0-985A6215A2FA}.Release|x64.ActiveCfg = Release|Any CPU
		{29789AC0-8532-4351-A5D0-985A6215A2FA}.Release|x64.Build.0 = Release|Any CPU
		{29789AC0-8532-4351-A5D0-985A6215A2FA}.Release|x86.ActiveCfg = Release|Any CPU
		{29789AC0-8532-4351-A5D0-985A6215A2FA}.Release|x86.Build.0 = Release|Any CPU
		{0E7D8CB5-7A37-4BD2-B48C-86DEEAE7CBBC}.Debug|Any CPU.ActiveCfg = Debug|Any CPU
		{0E7D8CB5-7A37-4BD2-B48C-86DEEAE7CBBC}.Debug|Any CPU.Build.0 = Debug|Any CPU
		{0E7D8CB5-7A37-4BD2-B48C-86DEEAE7CBBC}.Debug|x64.ActiveCfg = Debug|Any CPU
		{0E7D8CB5-7A37-4BD2-B48C-86DEEAE7CBBC}.Debug|x64.Build.0 = Debug|Any CPU
		{0E7D8CB5-7A37-4BD2-B48C-86DEEAE7CBBC}.Debug|x86.ActiveCfg = Debug|Any CPU
		{0E7D8CB5-7A37-4BD2-B48C-86DEEAE7CBBC}.Debug|x86.Build.0 = Debug|Any CPU
		{0E7D8CB5-7A37-4BD2-B48C-86DEEAE7CBBC}.Release|Any CPU.ActiveCfg = Release|Any CPU
		{0E7D8CB5-7A37-4BD2-B48C-86DEEAE7CBBC}.Release|Any CPU.Build.0 = Release|Any CPU
		{0E7D8CB5-7A37-4BD2-B48C-86DEEAE7CBBC}.Release|x64.ActiveCfg = Release|Any CPU
		{0E7D8CB5-7A37-4BD2-B48C-86DEEAE7CBBC}.Release|x64.Build.0 = Release|Any CPU
		{0E7D8CB5-7A37-4BD2-B48C-86DEEAE7CBBC}.Release|x86.ActiveCfg = Release|Any CPU
		{0E7D8CB5-7A37-4BD2-B48C-86DEEAE7CBBC}.Release|x86.Build.0 = Release|Any CPU
		{004FD3D1-82AB-4DFB-85D9-1C058945AA82}.Debug|Any CPU.ActiveCfg = Debug|Any CPU
		{004FD3D1-82AB-4DFB-85D9-1C058945AA82}.Debug|Any CPU.Build.0 = Debug|Any CPU
		{004FD3D1-82AB-4DFB-85D9-1C058945AA82}.Debug|x64.ActiveCfg = Debug|Any CPU
		{004FD3D1-82AB-4DFB-85D9-1C058945AA82}.Debug|x64.Build.0 = Debug|Any CPU
		{004FD3D1-82AB-4DFB-85D9-1C058945AA82}.Debug|x86.ActiveCfg = Debug|Any CPU
		{004FD3D1-82AB-4DFB-85D9-1C058945AA82}.Debug|x86.Build.0 = Debug|Any CPU
		{004FD3D1-82AB-4DFB-85D9-1C058945AA82}.Release|Any CPU.ActiveCfg = Release|Any CPU
		{004FD3D1-82AB-4DFB-85D9-1C058945AA82}.Release|Any CPU.Build.0 = Release|Any CPU
		{004FD3D1-82AB-4DFB-85D9-1C058945AA82}.Release|x64.ActiveCfg = Release|Any CPU
		{004FD3D1-82AB-4DFB-85D9-1C058945AA82}.Release|x64.Build.0 = Release|Any CPU
		{004FD3D1-82AB-4DFB-85D9-1C058945AA82}.Release|x86.ActiveCfg = Release|Any CPU
		{004FD3D1-82AB-4DFB-85D9-1C058945AA82}.Release|x86.Build.0 = Release|Any CPU
		{3EE2BC58-89A6-4E18-A5E8-D537FC410579}.Debug|Any CPU.ActiveCfg = Debug|Any CPU
		{3EE2BC58-89A6-4E18-A5E8-D537FC410579}.Debug|Any CPU.Build.0 = Debug|Any CPU
		{3EE2BC58-89A6-4E18-A5E8-D537FC410579}.Debug|x64.ActiveCfg = Debug|Any CPU
		{3EE2BC58-89A6-4E18-A5E8-D537FC410579}.Debug|x64.Build.0 = Debug|Any CPU
		{3EE2BC58-89A6-4E18-A5E8-D537FC410579}.Debug|x86.ActiveCfg = Debug|Any CPU
		{3EE2BC58-89A6-4E18-A5E8-D537FC410579}.Debug|x86.Build.0 = Debug|Any CPU
		{3EE2BC58-89A6-4E18-A5E8-D537FC410579}.Release|Any CPU.ActiveCfg = Release|Any CPU
		{3EE2BC58-89A6-4E18-A5E8-D537FC410579}.Release|Any CPU.Build.0 = Release|Any CPU
		{3EE2BC58-89A6-4E18-A5E8-D537FC410579}.Release|x64.ActiveCfg = Release|Any CPU
		{3EE2BC58-89A6-4E18-A5E8-D537FC410579}.Release|x64.Build.0 = Release|Any CPU
		{3EE2BC58-89A6-4E18-A5E8-D537FC410579}.Release|x86.ActiveCfg = Release|Any CPU
		{3EE2BC58-89A6-4E18-A5E8-D537FC410579}.Release|x86.Build.0 = Release|Any CPU
	EndGlobalSection
	GlobalSection(SolutionProperties) = preSolution
		HideSolutionNode = FALSE
	EndGlobalSection
	GlobalSection(NestedProjects) = preSolution
		{DCF06020-F48B-44A6-80A6-97BC4FE10B2D} = {5187E56E-1B3E-4C2F-BFE4-58C31778B804}
		{A366525B-4572-4E7C-BEBD-5F70BCBE149C} = {5187E56E-1B3E-4C2F-BFE4-58C31778B804}
		{EC1B8E3A-C114-4F9E-8875-0442498C62B1} = {5187E56E-1B3E-4C2F-BFE4-58C31778B804}
		{F3966175-B1AA-4F43-81A2-F2C06272DC83} = {5187E56E-1B3E-4C2F-BFE4-58C31778B804}
		{CEEE707A-4D91-4D52-8154-FDC5B18E7AC7} = {5187E56E-1B3E-4C2F-BFE4-58C31778B804}
		{AC88C855-B9B1-4C81-87CE-07AC6E88C917} = {5187E56E-1B3E-4C2F-BFE4-58C31778B804}
		{ADFB7BE8-95C2-4B73-8A6F-93D2B3BEF865} = {5187E56E-1B3E-4C2F-BFE4-58C31778B804}
		{8CAC8122-9D8D-4E24-AD0B-204AB4C82486} = {5187E56E-1B3E-4C2F-BFE4-58C31778B804}
		{29789AC0-8532-4351-A5D0-985A6215A2FA} = {5187E56E-1B3E-4C2F-BFE4-58C31778B804}
		{0E7D8CB5-7A37-4BD2-B48C-86DEEAE7CBBC} = {5187E56E-1B3E-4C2F-BFE4-58C31778B804}
		{004FD3D1-82AB-4DFB-85D9-1C058945AA82} = {5187E56E-1B3E-4C2F-BFE4-58C31778B804}
		{3EE2BC58-89A6-4E18-A5E8-D537FC410579} = {5187E56E-1B3E-4C2F-BFE4-58C31778B804}
	EndGlobalSection
	GlobalSection(ExtensibilityGlobals) = postSolution
		SolutionGuid = {9951971A-5303-4589-93BE-F0C402B9DA1A}
	EndGlobalSection
EndGlobal
