
Microsoft Visual Studio Solution File, Format Version 12.00
# Visual Studio 15
VisualStudioVersion = 15.0.26124.0
MinimumVisualStudioVersion = 15.0.26124.0
Project("{FAE04EC0-301F-11D3-BF4B-00C04F79EFBC}") = "R5T.Gepidia.Local.Standard.Construction", "R5T.Gepidia.Local.Standard.Construction\R5T.Gepidia.Local.Standard.Construction.csproj", "{92971248-A90C-4C53-8F70-544B29B8EF6E}"
EndProject
Project("{FAE04EC0-301F-11D3-BF4B-00C04F79EFBC}") = "R5T.Gepidia.Local.Standard", "R5T.Gepidia.Local.Standard\R5T.Gepidia.Local.Standard.csproj", "{7F147120-506E-4CEC-B682-4F3BACA16A92}"
EndProject
Project("{FAE04EC0-301F-11D3-BF4B-00C04F79EFBC}") = "R5T.Gepidia.Local.Standard.Testing", "R5T.Gepidia.Local.Standard.Testing\R5T.Gepidia.Local.Standard.Testing.csproj", "{4ECC3A98-99D3-45DE-8BA7-98A3CE450B5F}"
EndProject
Global
	GlobalSection(SolutionConfigurationPlatforms) = preSolution
		Debug|Any CPU = Debug|Any CPU
		Debug|x64 = Debug|x64
		Debug|x86 = Debug|x86
		Release|Any CPU = Release|Any CPU
		Release|x64 = Release|x64
		Release|x86 = Release|x86
	EndGlobalSection
	GlobalSection(SolutionProperties) = preSolution
		HideSolutionNode = FALSE
	EndGlobalSection
	GlobalSection(ProjectConfigurationPlatforms) = postSolution
		{92971248-A90C-4C53-8F70-544B29B8EF6E}.Debug|Any CPU.ActiveCfg = Debug|Any CPU
		{92971248-A90C-4C53-8F70-544B29B8EF6E}.Debug|Any CPU.Build.0 = Debug|Any CPU
		{92971248-A90C-4C53-8F70-544B29B8EF6E}.Debug|x64.ActiveCfg = Debug|Any CPU
		{92971248-A90C-4C53-8F70-544B29B8EF6E}.Debug|x64.Build.0 = Debug|Any CPU
		{92971248-A90C-4C53-8F70-544B29B8EF6E}.Debug|x86.ActiveCfg = Debug|Any CPU
		{92971248-A90C-4C53-8F70-544B29B8EF6E}.Debug|x86.Build.0 = Debug|Any CPU
		{92971248-A90C-4C53-8F70-544B29B8EF6E}.Release|Any CPU.ActiveCfg = Release|Any CPU
		{92971248-A90C-4C53-8F70-544B29B8EF6E}.Release|Any CPU.Build.0 = Release|Any CPU
		{92971248-A90C-4C53-8F70-544B29B8EF6E}.Release|x64.ActiveCfg = Release|Any CPU
		{92971248-A90C-4C53-8F70-544B29B8EF6E}.Release|x64.Build.0 = Release|Any CPU
		{92971248-A90C-4C53-8F70-544B29B8EF6E}.Release|x86.ActiveCfg = Release|Any CPU
		{92971248-A90C-4C53-8F70-544B29B8EF6E}.Release|x86.Build.0 = Release|Any CPU
		{7F147120-506E-4CEC-B682-4F3BACA16A92}.Debug|Any CPU.ActiveCfg = Debug|Any CPU
		{7F147120-506E-4CEC-B682-4F3BACA16A92}.Debug|Any CPU.Build.0 = Debug|Any CPU
		{7F147120-506E-4CEC-B682-4F3BACA16A92}.Debug|x64.ActiveCfg = Debug|Any CPU
		{7F147120-506E-4CEC-B682-4F3BACA16A92}.Debug|x64.Build.0 = Debug|Any CPU
		{7F147120-506E-4CEC-B682-4F3BACA16A92}.Debug|x86.ActiveCfg = Debug|Any CPU
		{7F147120-506E-4CEC-B682-4F3BACA16A92}.Debug|x86.Build.0 = Debug|Any CPU
		{7F147120-506E-4CEC-B682-4F3BACA16A92}.Release|Any CPU.ActiveCfg = Release|Any CPU
		{7F147120-506E-4CEC-B682-4F3BACA16A92}.Release|Any CPU.Build.0 = Release|Any CPU
		{7F147120-506E-4CEC-B682-4F3BACA16A92}.Release|x64.ActiveCfg = Release|Any CPU
		{7F147120-506E-4CEC-B682-4F3BACA16A92}.Release|x64.Build.0 = Release|Any CPU
		{7F147120-506E-4CEC-B682-4F3BACA16A92}.Release|x86.ActiveCfg = Release|Any CPU
		{7F147120-506E-4CEC-B682-4F3BACA16A92}.Release|x86.Build.0 = Release|Any CPU
		{4ECC3A98-99D3-45DE-8BA7-98A3CE450B5F}.Debug|Any CPU.ActiveCfg = Debug|Any CPU
		{4ECC3A98-99D3-45DE-8BA7-98A3CE450B5F}.Debug|Any CPU.Build.0 = Debug|Any CPU
		{4ECC3A98-99D3-45DE-8BA7-98A3CE450B5F}.Debug|x64.ActiveCfg = Debug|Any CPU
		{4ECC3A98-99D3-45DE-8BA7-98A3CE450B5F}.Debug|x64.Build.0 = Debug|Any CPU
		{4ECC3A98-99D3-45DE-8BA7-98A3CE450B5F}.Debug|x86.ActiveCfg = Debug|Any CPU
		{4ECC3A98-99D3-45DE-8BA7-98A3CE450B5F}.Debug|x86.Build.0 = Debug|Any CPU
		{4ECC3A98-99D3-45DE-8BA7-98A3CE450B5F}.Release|Any CPU.ActiveCfg = Release|Any CPU
		{4ECC3A98-99D3-45DE-8BA7-98A3CE450B5F}.Release|Any CPU.Build.0 = Release|Any CPU
		{4ECC3A98-99D3-45DE-8BA7-98A3CE450B5F}.Release|x64.ActiveCfg = Release|Any CPU
		{4ECC3A98-99D3-45DE-8BA7-98A3CE450B5F}.Release|x64.Build.0 = Release|Any CPU
		{4ECC3A98-99D3-45DE-8BA7-98A3CE450B5F}.Release|x86.ActiveCfg = Release|Any CPU
		{4ECC3A98-99D3-45DE-8BA7-98A3CE450B5F}.Release|x86.Build.0 = Release|Any CPU
	EndGlobalSection
EndGlobal
